
Microsoft Visual Studio Solution File, Format Version 12.00
# Visual Studio Version 16
VisualStudioVersion = 16.0.30611.23
MinimumVisualStudioVersion = 10.0.40219.1
Project("{FAE04EC0-301F-11D3-BF4B-00C04F79EFBC}") = "DatabaseGrimm", "DatabaseGrimm\DatabaseGrimm.csproj", "{89B5BED0-1810-4BF4-B596-F5E53B35109E}"
EndProject
Global
	GlobalSection(SolutionConfigurationPlatforms) = preSolution
		Debug|Any CPU = Debug|Any CPU
		Release|Any CPU = Release|Any CPU
	EndGlobalSection
	GlobalSection(ProjectConfigurationPlatforms) = postSolution
		{89B5BED0-1810-4BF4-B596-F5E53B35109E}.Debug|Any CPU.ActiveCfg = Debug|Any CPU
		{89B5BED0-1810-4BF4-B596-F5E53B35109E}.Debug|Any CPU.Build.0 = Debug|Any CPU
		{89B5BED0-1810-4BF4-B596-F5E53B35109E}.Release|Any CPU.ActiveCfg = Release|Any CPU
		{89B5BED0-1810-4BF4-B596-F5E53B35109E}.Release|Any CPU.Build.0 = Release|Any CPU
	EndGlobalSection
	GlobalSection(SolutionProperties) = preSolution
		HideSolutionNode = FALSE
	EndGlobalSection
	GlobalSection(ExtensibilityGlobals) = postSolution
		SolutionGuid = {0F697D33-D9B7-4ACA-A053-5C450523773F}
	EndGlobalSection
EndGlobal
